
Microsoft Visual Studio Solution File, Format Version 12.00
# Visual Studio Version 16
VisualStudioVersion = 16.0.31321.278
MinimumVisualStudioVersion = 10.0.40219.1
Project("{FAE04EC0-301F-11D3-BF4B-00C04F79EFBC}") = "DigiviceEmulatorLib", "DigiviceEmulatorLib\DigiviceEmulatorLib.csproj", "{015DC972-EFAC-4972-B498-0617129B5F30}"
EndProject
Project("{FAE04EC0-301F-11D3-BF4B-00C04F79EFBC}") = "DigiviceEmulatorLibTests", "DigiviceEmulatorLibTests\DigiviceEmulatorLibTests.csproj", "{4D06B182-0780-4C6A-8C29-C9FFAAFDF780}"
EndProject
Project("{FAE04EC0-301F-11D3-BF4B-00C04F79EFBC}") = "WpfUI", "WpfUI\WpfUI.csproj", "{9AC15693-680D-441B-AE57-1D03425392D3}"
EndProject
Global
	GlobalSection(SolutionConfigurationPlatforms) = preSolution
		Debug|Any CPU = Debug|Any CPU
		Release|Any CPU = Release|Any CPU
	EndGlobalSection
	GlobalSection(ProjectConfigurationPlatforms) = postSolution
		{015DC972-EFAC-4972-B498-0617129B5F30}.Debug|Any CPU.ActiveCfg = Debug|Any CPU
		{015DC972-EFAC-4972-B498-0617129B5F30}.Debug|Any CPU.Build.0 = Debug|Any CPU
		{015DC972-EFAC-4972-B498-0617129B5F30}.Release|Any CPU.ActiveCfg = Release|Any CPU
		{015DC972-EFAC-4972-B498-0617129B5F30}.Release|Any CPU.Build.0 = Release|Any CPU
		{4D06B182-0780-4C6A-8C29-C9FFAAFDF780}.Debug|Any CPU.ActiveCfg = Debug|Any CPU
		{4D06B182-0780-4C6A-8C29-C9FFAAFDF780}.Debug|Any CPU.Build.0 = Debug|Any CPU
		{4D06B182-0780-4C6A-8C29-C9FFAAFDF780}.Release|Any CPU.ActiveCfg = Release|Any CPU
		{4D06B182-0780-4C6A-8C29-C9FFAAFDF780}.Release|Any CPU.Build.0 = Release|Any CPU
		{9AC15693-680D-441B-AE57-1D03425392D3}.Debug|Any CPU.ActiveCfg = Debug|Any CPU
		{9AC15693-680D-441B-AE57-1D03425392D3}.Debug|Any CPU.Build.0 = Debug|Any CPU
		{9AC15693-680D-441B-AE57-1D03425392D3}.Release|Any CPU.ActiveCfg = Release|Any CPU
		{9AC15693-680D-441B-AE57-1D03425392D3}.Release|Any CPU.Build.0 = Release|Any CPU
	EndGlobalSection
	GlobalSection(SolutionProperties) = preSolution
		HideSolutionNode = FALSE
	EndGlobalSection
	GlobalSection(ExtensibilityGlobals) = postSolution
		SolutionGuid = {78D14EAE-11AC-4615-9B37-F7A1D74A7AF9}
	EndGlobalSection
EndGlobal
